
Microsoft Visual Studio Solution File, Format Version 12.00
# Visual Studio Version 17
VisualStudioVersion = 17.7.34031.279
MinimumVisualStudioVersion = 10.0.40219.1
Project("{FAE04EC0-301F-11D3-BF4B-00C04F79EFBC}") = "TP 1.1", "TP 1.1\TP 1.1.csproj", "{DDFA32AB-5A7C-41F7-9798-490EAAB6C0A0}"
EndProject
Global
	GlobalSection(SolutionConfigurationPlatforms) = preSolution
		Debug|Any CPU = Debug|Any CPU
		Release|Any CPU = Release|Any CPU
	EndGlobalSection
	GlobalSection(ProjectConfigurationPlatforms) = postSolution
		{DDFA32AB-5A7C-41F7-9798-490EAAB6C0A0}.Debug|Any CPU.ActiveCfg = Debug|Any CPU
		{DDFA32AB-5A7C-41F7-9798-490EAAB6C0A0}.Debug|Any CPU.Build.0 = Debug|Any CPU
		{DDFA32AB-5A7C-41F7-9798-490EAAB6C0A0}.Release|Any CPU.ActiveCfg = Release|Any CPU
		{DDFA32AB-5A7C-41F7-9798-490EAAB6C0A0}.Release|Any CPU.Build.0 = Release|Any CPU
	EndGlobalSection
	GlobalSection(SolutionProperties) = preSolution
		HideSolutionNode = FALSE
	EndGlobalSection
	GlobalSection(ExtensibilityGlobals) = postSolution
		SolutionGuid = {483D3B3B-BF53-4724-A516-23B69536C4D5}
	EndGlobalSection
EndGlobal
