
Microsoft Visual Studio Solution File, Format Version 12.00
# Visual Studio Version 17
VisualStudioVersion = 17.7.34031.279
MinimumVisualStudioVersion = 10.0.40219.1
Project("{FAE04EC0-301F-11D3-BF4B-00C04F79EFBC}") = "TP 0.5", "TP 0.5\TP 0.5.csproj", "{FA830CF1-7E8C-46D8-A3DF-4323D77A3FCB}"
EndProject
Global
	GlobalSection(SolutionConfigurationPlatforms) = preSolution
		Debug|Any CPU = Debug|Any CPU
		Release|Any CPU = Release|Any CPU
	EndGlobalSection
	GlobalSection(ProjectConfigurationPlatforms) = postSolution
		{FA830CF1-7E8C-46D8-A3DF-4323D77A3FCB}.Debug|Any CPU.ActiveCfg = Debug|Any CPU
		{FA830CF1-7E8C-46D8-A3DF-4323D77A3FCB}.Debug|Any CPU.Build.0 = Debug|Any CPU
		{FA830CF1-7E8C-46D8-A3DF-4323D77A3FCB}.Release|Any CPU.ActiveCfg = Release|Any CPU
		{FA830CF1-7E8C-46D8-A3DF-4323D77A3FCB}.Release|Any CPU.Build.0 = Release|Any CPU
	EndGlobalSection
	GlobalSection(SolutionProperties) = preSolution
		HideSolutionNode = FALSE
	EndGlobalSection
	GlobalSection(ExtensibilityGlobals) = postSolution
		SolutionGuid = {FC63CCDC-EEF5-4FB9-B673-F9384FEAB78C}
	EndGlobalSection
EndGlobal
