
Microsoft Visual Studio Solution File, Format Version 12.00
# Visual Studio Version 17
VisualStudioVersion = 17.7.34031.279
MinimumVisualStudioVersion = 10.0.40219.1
Project("{FAE04EC0-301F-11D3-BF4B-00C04F79EFBC}") = "TP 1.1 v2", "TP 1.1 v2\TP 1.1 v2.csproj", "{A40214DD-A7FA-4D19-B8F4-78C90DF66FBB}"
EndProject
Global
	GlobalSection(SolutionConfigurationPlatforms) = preSolution
		Debug|Any CPU = Debug|Any CPU
		Release|Any CPU = Release|Any CPU
	EndGlobalSection
	GlobalSection(ProjectConfigurationPlatforms) = postSolution
		{A40214DD-A7FA-4D19-B8F4-78C90DF66FBB}.Debug|Any CPU.ActiveCfg = Debug|Any CPU
		{A40214DD-A7FA-4D19-B8F4-78C90DF66FBB}.Debug|Any CPU.Build.0 = Debug|Any CPU
		{A40214DD-A7FA-4D19-B8F4-78C90DF66FBB}.Release|Any CPU.ActiveCfg = Release|Any CPU
		{A40214DD-A7FA-4D19-B8F4-78C90DF66FBB}.Release|Any CPU.Build.0 = Release|Any CPU
	EndGlobalSection
	GlobalSection(SolutionProperties) = preSolution
		HideSolutionNode = FALSE
	EndGlobalSection
	GlobalSection(ExtensibilityGlobals) = postSolution
		SolutionGuid = {9993025B-8B95-43CF-9EFA-C27C75C786A6}
	EndGlobalSection
EndGlobal
